<?xml version="1.0" encoding="UTF-8" standalone="yes" ?>
<CodeBlocks_project_file>
	<FileVersion major="1" minor="6" />
	<Project>
		<Option title="alpp" />
		<Option pch_mode="2" />
		<Option compiler="avrgcc" />
		<Build>
			<Target title="Debug">
				<Option output="cb/Debug/alpp.elf" prefix_auto="1" extension_auto="0" />
				<Option object_output="cb/Debug/" />
				<Option type="1" />
				<Option compiler="avrgcc" />
				<Compiler>
					<Add option="-g" />
				</Compiler>
			</Target>
			<Target title="Release">
				<Option output="cb/Release/alpp.elf" prefix_auto="1" extension_auto="0" />
				<Option object_output="cb/Release/" />
				<Option type="1" />
				<Option compiler="avrgcc" />
				<Compiler>
					<Add option="-Os" />
				</Compiler>
			</Target>
		</Build>
		<Compiler>
			<Add option="-Wall" />
			<Add option="-mmcu=atmega8" />
			<Add option="-DF_CPU=16000000UL" />
		</Compiler>
		<Linker>
			<Add option="-mmcu=atmega8" />
			<Add option="-Wl,-Map=$(TARGET_OUTPUT_FILE).map,--cref" />
		</Linker>
		<ExtraCommands>
			<Add after="avr-objcopy -O ihex -R .eeprom -R .eesafe $(TARGET_OUTPUT_FILE) $(TARGET_OUTPUT_FILE).hex" />
			<Add after="avr-objcopy --no-change-warnings -j .eeprom --change-section-lma .eeprom=0 -O ihex $(TARGET_OUTPUT_FILE) $(TARGET_OUTPUT_FILE).eep.hex" />
			<Add after="avr-objdump -h -S $(TARGET_OUTPUT_FILE) &gt; $(TARGET_OUTPUT_FILE).lss" />
		</ExtraCommands>
		<Unit filename="include/hal/gpio.h" />
		<Unit filename="include/hal/onoff.h" />
		<Unit filename="include/hal/pgpipin.h" />
		<Unit filename="include/hal/pgpopin.h" />
		<Unit filename="include/hal/preg16.h" />
		<Unit filename="include/hal/preg8.h" />
		<Unit filename="include/hal/pregcommon.h" />
		<Unit filename="include/sys/pled.h" />
		<Unit filename="include/utils/simulSerial.h" />
		<Unit filename="src/hal/pgpipin.cpp" />
		<Unit filename="src/hal/pgpopin.cpp" />
		<Unit filename="src/hal/preg16.cpp" />
		<Unit filename="src/hal/preg8.cpp" />
		<Unit filename="src/sys/pled.cpp" />
		<Unit filename="src/utils/simulSerial.cpp" />
		<Extensions>
			<code_completion />
			<debugger />
		</Extensions>
	</Project>
</CodeBlocks_project_file>
